PODS:
  - Mapbox-iOS-SDK (5.9.0):
    - MapboxMobileEvents (= 0.10.2)
  - MapboxMobileEvents (0.10.2)
  - PoilabsNavigation (2.6.1)

DEPENDENCIES:
  - Mapbox-iOS-SDK (~> 5.9)
  - MapboxMobileEvents
  - PoilabsNavigation (~> 2.6.1)

SPEC REPOS:
  trunk:
    - Mapbox-iOS-SDK
    - MapboxMobileEvents
    - PoilabsNavigation

SPEC CHECKSUMS:
  Mapbox-iOS-SDK: a5915700ec84bc1a7f8b3e746d474789e35b7956
  MapboxMobileEvents: 2bc0ca2eedb627b73cf403258dce2b2fa98074a6
  PoilabsNavigation: 4bd5e8eaf2354fd02282e921ecf53c795866d609

PODFILE CHECKSUM: 3f5019e9939188956ab8470fba700081ea3e7341

COCOAPODS: 1.11.2
